
Microsoft Visual Studio Solution File, Format Version 12.00
# Visual Studio Version 16
VisualStudioVersion = 16.0.30225.117
MinimumVisualStudioVersion = 10.0.40219.1
Project("{9A19103F-16F7-4668-BE54-9A1E7A4F7556}") = "reactTest", "reactTest\reactTest.csproj", "{A2B5DADC-A146-476E-8C90-666DEA00A3C3}"
EndProject
Project("{FAE04EC0-301F-11D3-BF4B-00C04F79EFBC}") = "serviceTest", "serviceTest\serviceTest.csproj", "{4633E10F-4D0C-461E-BA5A-56A9FB58F62C}"
EndProject
Global
	GlobalSection(SolutionConfigurationPlatforms) = preSolution
		Debug|Any CPU = Debug|Any CPU
		Release|Any CPU = Release|Any CPU
	EndGlobalSection
	GlobalSection(ProjectConfigurationPlatforms) = postSolution
		{A2B5DADC-A146-476E-8C90-666DEA00A3C3}.Debug|Any CPU.ActiveCfg = Debug|Any CPU
		{A2B5DADC-A146-476E-8C90-666DEA00A3C3}.Debug|Any CPU.Build.0 = Debug|Any CPU
		{A2B5DADC-A146-476E-8C90-666DEA00A3C3}.Release|Any CPU.ActiveCfg = Release|Any CPU
		{A2B5DADC-A146-476E-8C90-666DEA00A3C3}.Release|Any CPU.Build.0 = Release|Any CPU
		{4633E10F-4D0C-461E-BA5A-56A9FB58F62C}.Debug|Any CPU.ActiveCfg = Debug|Any CPU
		{4633E10F-4D0C-461E-BA5A-56A9FB58F62C}.Debug|Any CPU.Build.0 = Debug|Any CPU
		{4633E10F-4D0C-461E-BA5A-56A9FB58F62C}.Release|Any CPU.ActiveCfg = Release|Any CPU
		{4633E10F-4D0C-461E-BA5A-56A9FB58F62C}.Release|Any CPU.Build.0 = Release|Any CPU
	EndGlobalSection
	GlobalSection(SolutionProperties) = preSolution
		HideSolutionNode = FALSE
	EndGlobalSection
	GlobalSection(ExtensibilityGlobals) = postSolution
		SolutionGuid = {4171A468-B8D3-4CE0-89C5-A869B0187248}
	EndGlobalSection
EndGlobal
